
Microsoft Visual Studio Solution File, Format Version 12.00
# Visual Studio Version 16
VisualStudioVersion = 16.0.30104.148
MinimumVisualStudioVersion = 10.0.40219.1
Project("{FAE04EC0-301F-11D3-BF4B-00C04F79EFBC}") = "ConsoleApp1", "ConsoleApp1\ConsoleApp1.csproj", "{8220046A-C463-4265-BA0C-A6B372A8D36A}"
EndProject
Project("{FAE04EC0-301F-11D3-BF4B-00C04F79EFBC}") = "NUnitTestProject1", "NUnitTestProject1\NUnitTestProject1.csproj", "{D8F3F38C-6D67-43F4-9B9E-2BC1B342AAFB}"
EndProject
Global
	GlobalSection(SolutionConfigurationPlatforms) = preSolution
		Debug|Any CPU = Debug|Any CPU
		Release|Any CPU = Release|Any CPU
	EndGlobalSection
	GlobalSection(ProjectConfigurationPlatforms) = postSolution
		{8220046A-C463-4265-BA0C-A6B372A8D36A}.Debug|Any CPU.ActiveCfg = Debug|Any CPU
		{8220046A-C463-4265-BA0C-A6B372A8D36A}.Debug|Any CPU.Build.0 = Debug|Any CPU
		{8220046A-C463-4265-BA0C-A6B372A8D36A}.Release|Any CPU.ActiveCfg = Release|Any CPU
		{8220046A-C463-4265-BA0C-A6B372A8D36A}.Release|Any CPU.Build.0 = Release|Any CPU
		{D8F3F38C-6D67-43F4-9B9E-2BC1B342AAFB}.Debug|Any CPU.ActiveCfg = Debug|Any CPU
		{D8F3F38C-6D67-43F4-9B9E-2BC1B342AAFB}.Debug|Any CPU.Build.0 = Debug|Any CPU
		{D8F3F38C-6D67-43F4-9B9E-2BC1B342AAFB}.Release|Any CPU.ActiveCfg = Release|Any CPU
		{D8F3F38C-6D67-43F4-9B9E-2BC1B342AAFB}.Release|Any CPU.Build.0 = Release|Any CPU
	EndGlobalSection
	GlobalSection(SolutionProperties) = preSolution
		HideSolutionNode = FALSE
	EndGlobalSection
	GlobalSection(ExtensibilityGlobals) = postSolution
		SolutionGuid = {B6F3F0FC-E45D-40FD-99EE-CB65674CDE10}
	EndGlobalSection
EndGlobal
